hash: 58c3a713fc573be063b164fbcbb7cc57afceed54e62be01d083513df6c9a1c66
updated: 2019-02-04T01:00:34.133317+05:30
imports:
- name: github.com/satori/go.uuid
  version: f58768cc1a7a7e77a3bd49e98cdd21419399b6a3
- name: golang.org/x/sync
  version: 42b317875d0fa942474b76e1b46a6060d720ae6e
  subpackages:
  - semaphore
testImports: []
